PODS:
  - Flutter (1.0.0)
  - integration_test (0.0.1):
    - Flutter
  - liveness_detection (0.0.1):
    - Flutter

DEPENDENCIES:
  - Flutter (from `Flutter`)
  - integration_test (from `.symlinks/plugins/integration_test/ios`)
  - liveness_detection (from `.symlinks/plugins/liveness_detection/ios`)

EXTERNAL SOURCES:
  Flutter:
    :path: Flutter
  integration_test:
    :path: ".symlinks/plugins/integration_test/ios"
  liveness_detection:
    :path: ".symlinks/plugins/liveness_detection/ios"

SPEC CHECKSUMS:
  Flutter: cabc95a1d2626b1b06e7179b784ebcf0c0cde467
  integration_test: 4a889634ef21a45d28d50d622cf412dc6d9f586e
  liveness_detection: 7fa65f1ba2fb09a31b1e247840fc570f08ed875c

PODFILE CHECKSUM: 90372e4d5366b75b970970dd4eca546a54763cdb

COCOAPODS: 1.16.2
