PODS:
  - Flutter (1.0.0)
  - integration_test (0.0.1):
    - Flutter
  - trueface_liveness (0.0.1):
    - Flutter

DEPENDENCIES:
  - Flutter (from `Flutter`)
  - integration_test (from `.symlinks/plugins/integration_test/ios`)
  - trueface_liveness (from `.symlinks/plugins/trueface_liveness/ios`)

EXTERNAL SOURCES:
  Flutter:
    :path: Flutter
  integration_test:
    :path: ".symlinks/plugins/integration_test/ios"
  trueface_liveness:
    :path: ".symlinks/plugins/trueface_liveness/ios"

SPEC CHECKSUMS:
  Flutter: cabc95a1d2626b1b06e7179b784ebcf0c0cde467
  integration_test: 4a889634ef21a45d28d50d622cf412dc6d9f586e
  trueface_liveness: bb59cb7e746050f151bbf6bff2ae905423bda2b2

PODFILE CHECKSUM: 07a8f6eab8319d5521acbcad8dcca7b07900ce9e

COCOAPODS: 1.16.2
